
Microsoft Visual Studio Solution File, Format Version 12.00
# Visual Studio 2013
VisualStudioVersion = 12.0.31101.0
MinimumVisualStudioVersion = 10.0.40219.1
Project("{FAE04EC0-301F-11D3-BF4B-00C04F79EFBC}") = "Tick", "Tick.csproj", "{FB4742A3-0400-42D4-9B3E-B72C80A59223}"
EndProject
Project("{FAE04EC0-301F-11D3-BF4B-00C04F79EFBC}") = "Test", "..\Test\Test.csproj", "{0D3820B4-B7BF-4A64-9E5B-6D0DF3F62451}"
EndProject
Global
	GlobalSection(SolutionConfigurationPlatforms) = preSolution
		Debug|Any CPU = Debug|Any CPU
		Release|Any CPU = Release|Any CPU
	EndGlobalSection
	GlobalSection(ProjectConfigurationPlatforms) = postSolution
		{FB4742A3-0400-42D4-9B3E-B72C80A59223}.Debug|Any CPU.ActiveCfg = Debug|Any CPU
		{FB4742A3-0400-42D4-9B3E-B72C80A59223}.Debug|Any CPU.Build.0 = Debug|Any CPU
		{FB4742A3-0400-42D4-9B3E-B72C80A59223}.Release|Any CPU.ActiveCfg = Release|Any CPU
		{FB4742A3-0400-42D4-9B3E-B72C80A59223}.Release|Any CPU.Build.0 = Release|Any CPU
		{0D3820B4-B7BF-4A64-9E5B-6D0DF3F62451}.Debug|Any CPU.ActiveCfg = Debug|Any CPU
		{0D3820B4-B7BF-4A64-9E5B-6D0DF3F62451}.Debug|Any CPU.Build.0 = Debug|Any CPU
		{0D3820B4-B7BF-4A64-9E5B-6D0DF3F62451}.Release|Any CPU.ActiveCfg = Release|Any CPU
		{0D3820B4-B7BF-4A64-9E5B-6D0DF3F62451}.Release|Any CPU.Build.0 = Release|Any CPU
	EndGlobalSection
	GlobalSection(SolutionProperties) = preSolution
		HideSolutionNode = FALSE
	EndGlobalSection
EndGlobal
